
Microsoft Visual Studio Solution File, Format Version 12.00
# Visual Studio Version 17
VisualStudioVersion = 17.7.34221.43
MinimumVisualStudioVersion = 10.0.40219.1
Project("{FAE04EC0-301F-11D3-BF4B-00C04F79EFBC}") = "MN_Azure", "MN_Azure.csproj", "{7E4A278A-5E88-4416-B802-79CBC1E659FB}"
EndProject
Global
	GlobalSection(SolutionConfigurationPlatforms) = preSolution
		Debug|Any CPU = Debug|Any CPU
		Release|Any CPU = Release|Any CPU
	EndGlobalSection
	GlobalSection(ProjectConfigurationPlatforms) = postSolution
		{7E4A278A-5E88-4416-B802-79CBC1E659FB}.Debug|Any CPU.ActiveCfg = Debug|Any CPU
		{7E4A278A-5E88-4416-B802-79CBC1E659FB}.Debug|Any CPU.Build.0 = Debug|Any CPU
		{7E4A278A-5E88-4416-B802-79CBC1E659FB}.Release|Any CPU.ActiveCfg = Release|Any CPU
		{7E4A278A-5E88-4416-B802-79CBC1E659FB}.Release|Any CPU.Build.0 = Release|Any CPU
	EndGlobalSection
	GlobalSection(SolutionProperties) = preSolution
		HideSolutionNode = FALSE
	EndGlobalSection
	GlobalSection(ExtensibilityGlobals) = postSolution
		SolutionGuid = {C5C71305-88A0-4FA8-838A-FE8DE6DF86F3}
	EndGlobalSection
EndGlobal
